format_version=1
sp1_version=6.3.1
sp1_git_commit=8252c2905ce32964df68248117015c61ebb854db
compressed_circuit_version=1
compressed_codec_version=1
public_values_digest=SHA256_ONLY
strict_success_marker=SUCCESS!
upstream_raw_digest_modes=SHA256_OR_BLAKE3
upstream_raw_completion_check=is_complete
upstream_wrapped_exit_code_exposed=false
production_adapter_status=BLOCKED
system_soundness_independent_confirmation=BLOCKED
