format_version=1
sp1_version=6.3.1
sp1_git_commit=8252c2905ce32964df68248117015c61ebb854db
sp1_zkvm_6_3_1_registry_sha256=f18fbc79e5a1cc499d3ae3904771104a854493ea12c317ff1407137d86153c26
sp1_zkvm_cargo_vcs_info_sha256=163bba6e0b92683de4aa077edd5b0c2e19c7ae87ca2a61f2c7d4616ac603bb46
sp1_verifier_6_3_1_registry_sha256=b6dbb411abb1ea167f9b0b082c95f62ede26ab7ba72349770292a60dc0e9a673
sp1_verifier_cargo_vcs_info_sha256=e24efd25723832aa0031e7421b24c67efdb2cceb4b407c488ad30c4f0a1ec292
compressed_circuit_version=1
compressed_codec_version=1
public_values_digest=SHA256_ONLY
strict_success_marker=SUCCESS!
upstream_raw_digest_modes=SHA256_OR_BLAKE3
upstream_raw_completion_check=is_complete
upstream_wrapped_exit_code_exposed=false
host_adapter_status=IMPLEMENTED_NO_POSITIVE_FIXTURE
elements_consensus_adapter_status=BLOCKED
ethereum_consensus_adapter_status=SOURCE_IMPLEMENTED_ARTIFACT_BLOCKED
official_onchain_modes=PLONK_GROTH16_ONLY
raw_compressed_evm_verifier_status=UPSTREAM_UNAVAILABLE
sp1_sdk_proof_rs_sha256=94cf6f081f9578d440293b67d1f6b6e9b034214cc2e38b52496f072fd9916382
sp1_prover_build_rs_sha256=4883c667a4e369fe3d757deda9d48bffd95b013ea826dbc107205d0561b77d5c
upstream_outer_shrink_wrap_reference_bytes=1340837
upstream_outer_shrink_wrap_reference_sha256=e1d92229ea03c73d233795befc43b6c34bd446df4168399250eefb480efade6d
system_soundness_independent_confirmation=BLOCKED
